
Microsoft Visual Studio Solution File, Format Version 11.00
# Visual Studio 2010
Project("{8BC9CEB8-8B4A-11D0-8D11-00A0C91BC942}") = "GithubTest", "GithubTest\GithubTest.vcxproj", "{6BC999DA-C3F3-4A01-80B8-EDDF17CBF5AE}"
EndProject
Global
	GlobalSection(SolutionConfigurationPlatforms) = preSolution
		Debug|Win32 = Debug|Win32
		Release|Win32 = Release|Win32
	EndGlobalSection
	GlobalSection(ProjectConfigurationPlatforms) = postSolution
		{6BC999DA-C3F3-4A01-80B8-EDDF17CBF5AE}.Debug|Win32.ActiveCfg = Debug|Win32
		{6BC999DA-C3F3-4A01-80B8-EDDF17CBF5AE}.Debug|Win32.Build.0 = Debug|Win32
		{6BC999DA-C3F3-4A01-80B8-EDDF17CBF5AE}.Release|Win32.ActiveCfg = Release|Win32
		{6BC999DA-C3F3-4A01-80B8-EDDF17CBF5AE}.Release|Win32.Build.0 = Release|Win32
	EndGlobalSection
	GlobalSection(SolutionProperties) = preSolution
		HideSolutionNode = FALSE
	EndGlobalSection
EndGlobal
